// !$*UTF8*$!
{
	archiveVersion = 1;
	classes = {
	};
	objectVersion = 56;
	objects = {

/* Begin PBXBuildFile section */
		FA88C6CF2B5E3D1F00D096E3 /* StoresView.swift in Sources */ = {isa = PBXBuildFile; fileRef = FA88C6CE2B5E3D1F00D096E3 /* StoresView.swift */; };
		FA88C6D22B5E3DAC00D096E3 /* StoreModel.swift in Sources */ = {isa = PBXBuildFile; fileRef = FA88C6D12B5E3DAC00D096E3 /* StoreModel.swift */; };
		FA88C6D42B5E42E500D096E3 /* CartView.swift in Sources */ = {isa = PBXBuildFile; fileRef = FA88C6D32B5E3F7500D096E3 /* CartView.swift */; };
		FA88C6D62B5E430A00D096E3 /* CartItemModel.swift in Sources */ = {isa = PBXBuildFile; fileRef = FA88C6D52B5E430A00D096E3 /* CartItemModel.swift */; };
		FAF4502A2B5D57C500B71EDE /* FoodMarketApp.swift in Sources */ = {isa = PBXBuildFile; fileRef = FAF450292B5D57C500B71EDE /* FoodMarketApp.swift */; };
		FAF4502C2B5D57C500B71EDE /* ContentView.swift in Sources */ = {isa = PBXBuildFile; fileRef = FAF4502B2B5D57C500B71EDE /* ContentView.swift */; };
		FAF4502E2B5D57C600B71EDE /* Assets.xcassets in Resources */ = {isa = PBXBuildFile; fileRef = FAF4502D2B5D57C600B71EDE /* Assets.xcassets */; };
		FAF450312B5D57C600B71EDE /* Preview Assets.xcassets in Resources */ = {isa = PBXBuildFile; fileRef = FAF450302B5D57C600B71EDE /* Preview Assets.xcassets */; };
		FAF450332B5D57C600B71EDE /* Persistence.swift in Sources */ = {isa = PBXBuildFile; fileRef = FAF450322B5D57C600B71EDE /* Persistence.swift */; };
		FAF450362B5D57C600B71EDE /* FoodMarket.xcdatamodeld in Sources */ = {isa = PBXBuildFile; fileRef = FAF450342B5D57C600B71EDE /* FoodMarket.xcdatamodeld */; };
		FAF450402B5D57C600B71EDE /* FoodMarketTests.swift in Sources */ = {isa = PBXBuildFile; fileRef = FAF4503F2B5D57C600B71EDE /* FoodMarketTests.swift */; };
		FAF4504A2B5D57C600B71EDE /* FoodMarketUITests.swift in Sources */ = {isa = PBXBuildFile; fileRef = FAF450492B5D57C600B71EDE /* FoodMarketUITests.swift */; };
		FAF4504C2B5D57C600B71EDE /* FoodMarketUITestsLaunchTests.swift in Sources */ = {isa = PBXBuildFile; fileRef = FAF4504B2B5D57C600B71EDE /* FoodMarketUITestsLaunchTests.swift */; };
/* End PBXBuildFile section */

/* Begin PBXContainerItemProxy section */
		FAF4503C2B5D57C600B71EDE /* PBXContainerItemProxy */ = {
			isa = PBXContainerItemProxy;
			containerPortal = FAF4501E2B5D57C500B71EDE /* Project object */;
			proxyType = 1;
			remoteGlobalIDString = FAF450252B5D57C500B71EDE;
			remoteInfo = FoodMarket;
		};
		FAF450462B5D57C600B71EDE /* PBXContainerItemProxy */ = {
			isa = PBXContainerItemProxy;
			containerPortal = FAF4501E2B5D57C500B71EDE /* Project object */;
			proxyType = 1;
			remoteGlobalIDString = FAF450252B5D57C500B71EDE;
			remoteInfo = FoodMarket;
		};
/* End PBXContainerItemProxy section */

/* Begin PBXFileReference section */
		FA88C6CE2B5E3D1F00D096E3 /* StoresView.swift */ = {isa = PBXFileReference; lastKnownFileType = sourcecode.swift; path = StoresView.swift; sourceTree = "<group>"; };
		FA88C6D12B5E3DAC00D096E3 /* StoreModel.swift */ = {isa = PBXFileReference; lastKnownFileType = sourcecode.swift; path = StoreModel.swift; sourceTree = "<group>"; };
		FA88C6D32B5E3F7500D096E3 /* CartView.swift */ = {isa = PBXFileReference; lastKnownFileType = sourcecode.swift; path = CartView.swift; sourceTree = "<group>"; };
		FA88C6D52B5E430A00D096E3 /* CartItemModel.swift */ = {isa = PBXFileReference; lastKnownFileType = sourcecode.swift; path = CartItemModel.swift; sourceTree = "<group>"; };
		FAF450262B5D57C500B71EDE /* FoodMarket.app */ = {isa = PBXFileReference; explicitFileType = wrapper.application; includeInIndex = 0; path = FoodMarket.app; sourceTree = BUILT_PRODUCTS_DIR; };
		FAF450292B5D57C500B71EDE /* FoodMarketApp.swift */ = {isa = PBXFileReference; lastKnownFileType = sourcecode.swift; path = FoodMarketApp.swift; sourceTree = "<group>"; };
		FAF4502B2B5D57C500B71EDE /* ContentView.swift */ = {isa = PBXFileReference; lastKnownFileType = sourcecode.swift; path = ContentView.swift; sourceTree = "<group>"; };
		FAF4502D2B5D57C600B71EDE /* Assets.xcassets */ = {isa = PBXFileReference; lastKnownFileType = folder.assetcatalog; path = Assets.xcassets; sourceTree = "<group>"; };
		FAF450302B5D57C600B71EDE /* Preview Assets.xcassets */ = {isa = PBXFileReference; lastKnownFileType = folder.assetcatalog; path = "Preview Assets.xcassets"; sourceTree = "<group>"; };
		FAF450322B5D57C600B71EDE /* Persistence.swift */ = {isa = PBXFileReference; lastKnownFileType = sourcecode.swift; path = Persistence.swift; sourceTree = "<group>"; };
		FAF450352B5D57C600B71EDE /* FoodMarket.xcdatamodel */ = {isa = PBXFileReference; lastKnownFileType = wrapper.xcdatamodel; path = FoodMarket.xcdatamodel; sourceTree = "<group>"; };
		FAF4503B2B5D57C600B71EDE /* FoodMarketTests.xctest */ = {isa = PBXFileReference; explicitFileType = wrapper.cfbundle; includeInIndex = 0; path = FoodMarketTests.xctest; sourceTree = BUILT_PRODUCTS_DIR; };
		FAF4503F2B5D57C600B71EDE /* FoodMarketTests.swift */ = {isa = PBXFileReference; lastKnownFileType = sourcecode.swift; path = FoodMarketTests.swift; sourceTree = "<group>"; };
		FAF450452B5D57C600B71EDE /* FoodMarketUITests.xctest */ = {isa = PBXFileReference; explicitFileType = wrapper.cfbundle; includeInIndex = 0; path = FoodMarketUITests.xctest; sourceTree = BUILT_PRODUCTS_DIR; };
		FAF450492B5D57C600B71EDE /* FoodMarketUITests.swift */ = {isa = PBXFileReference; lastKnownFileType = sourcecode.swift; path = FoodMarketUITests.swift; sourceTree = "<group>"; };
		FAF4504B2B5D57C600B71EDE /* FoodMarketUITestsLaunchTests.swift */ = {isa = PBXFileReference; lastKnownFileType = sourcecode.swift; path = FoodMarketUITestsLaunchTests.swift; sourceTree = "<group>"; };
/* End PBXFileReference section */

/* Begin PBXFrameworksBuildPhase section */
		FAF450232B5D57C500B71EDE /* Frameworks */ = {
			isa = PBXFrameworksBuildPhase;
			buildActionMask = 2147483647;
			files = (
			);
			runOnlyForDeploymentPostprocessing = 0;
		};
		FAF450382B5D57C600B71EDE /* Frameworks */ = {
			isa = PBXFrameworksBuildPhase;
			buildActionMask = 2147483647;
			files = (
			);
			runOnlyForDeploymentPostprocessing = 0;
		};
		FAF450422B5D57C600B71EDE /* Frameworks */ = {
			isa = PBXFrameworksBuildPhase;
			buildActionMask = 2147483647;
			files = (
			);
			runOnlyForDeploymentPostprocessing = 0;
		};
/* End PBXFrameworksBuildPhase section */

/* Begin PBXGroup section */
		FA88C6CB2B5E3C8400D096E3 /* StoresModule */ = {
			isa = PBXGroup;
			children = (
				FA88C6CE2B5E3D1F00D096E3 /* StoresView.swift */,
			);
			path = StoresModule;
			sourceTree = "<group>";
		};
		FA88C6CC2B5E3CE400D096E3 /* CartModule */ = {
			isa = PBXGroup;
			children = (
				FA88C6D32B5E3F7500D096E3 /* CartView.swift */,
			);
			path = CartModule;
			sourceTree = "<group>";
		};
		FA88C6CD2B5E3CED00D096E3 /* ProfileModule */ = {
			isa = PBXGroup;
			children = (
			);
			path = ProfileModule;
			sourceTree = "<group>";
		};
		FA88C6D02B5E3D9000D096E3 /* Models */ = {
			isa = PBXGroup;
			children = (
				FA88C6D12B5E3DAC00D096E3 /* StoreModel.swift */,
				FA88C6D52B5E430A00D096E3 /* CartItemModel.swift */,
			);
			path = Models;
			sourceTree = "<group>";
		};
		FAF4501D2B5D57C500B71EDE = {
			isa = PBXGroup;
			children = (
				FAF450282B5D57C500B71EDE /* FoodMarket */,
				FAF4503E2B5D57C600B71EDE /* FoodMarketTests */,
				FAF450482B5D57C600B71EDE /* FoodMarketUITests */,
				FAF450272B5D57C500B71EDE /* Products */,
			);
			sourceTree = "<group>";
		};
		FAF450272B5D57C500B71EDE /* Products */ = {
			isa = PBXGroup;
			children = (
				FAF450262B5D57C500B71EDE /* FoodMarket.app */,
				FAF4503B2B5D57C600B71EDE /* FoodMarketTests.xctest */,
				FAF450452B5D57C600B71EDE /* FoodMarketUITests.xctest */,
			);
			name = Products;
			sourceTree = "<group>";
		};
		FAF450282B5D57C500B71EDE /* FoodMarket */ = {
			isa = PBXGroup;
			children = (
				FA88C6D02B5E3D9000D096E3 /* Models */,
				FA88C6CB2B5E3C8400D096E3 /* StoresModule */,
				FA88C6CD2B5E3CED00D096E3 /* ProfileModule */,
				FA88C6CC2B5E3CE400D096E3 /* CartModule */,
				FAF450292B5D57C500B71EDE /* FoodMarketApp.swift */,
				FAF4502B2B5D57C500B71EDE /* ContentView.swift */,
				FAF4502D2B5D57C600B71EDE /* Assets.xcassets */,
				FAF450322B5D57C600B71EDE /* Persistence.swift */,
				FAF450342B5D57C600B71EDE /* FoodMarket.xcdatamodeld */,
				FAF4502F2B5D57C600B71EDE /* Preview Content */,
			);
			path = FoodMarket;
			sourceTree = "<group>";
		};
		FAF4502F2B5D57C600B71EDE /* Preview Content */ = {
			isa = PBXGroup;
			children = (
				FAF450302B5D57C600B71EDE /* Preview Assets.xcassets */,
			);
			path = "Preview Content";
			sourceTree = "<group>";
		};
		FAF4503E2B5D57C600B71EDE /* FoodMarketTests */ = {
			isa = PBXGroup;
			children = (
				FAF4503F2B5D57C600B71EDE /* FoodMarketTests.swift */,
			);
			path = FoodMarketTests;
			sourceTree = "<group>";
		};
		FAF450482B5D57C600B71EDE /* FoodMarketUITests */ = {
			isa = PBXGroup;
			children = (
				FAF450492B5D57C600B71EDE /* FoodMarketUITests.swift */,
				FAF4504B2B5D57C600B71EDE /* FoodMarketUITestsLaunchTests.swift */,
			);
			path = FoodMarketUITests;
			sourceTree = "<group>";
		};
/* End PBXGroup section */

/* Begin PBXNativeTarget section */
		FAF450252B5D57C500B71EDE /* FoodMarket */ = {
			isa = PBXNativeTarget;
			buildConfigurationList = FAF4504F2B5D57C600B71EDE /* Build configuration list for PBXNativeTarget "FoodMarket" */;
			buildPhases = (
				FAF450222B5D57C500B71EDE /* Sources */,
				FAF450232B5D57C500B71EDE /* Frameworks */,
				FAF450242B5D57C500B71EDE /* Resources */,
			);
			buildRules = (
			);
			dependencies = (
			);
			name = FoodMarket;
			productName = FoodMarket;
			productReference = FAF450262B5D57C500B71EDE /* FoodMarket.app */;
			productType = "com.apple.product-type.application";
		};
		FAF4503A2B5D57C600B71EDE /* FoodMarketTests */ = {
			isa = PBXNativeTarget;
			buildConfigurationList = FAF450522B5D57C600B71EDE /* Build configuration list for PBXNativeTarget "FoodMarketTests" */;
			buildPhases = (
				FAF450372B5D57C600B71EDE /* Sources */,
				FAF450382B5D57C600B71EDE /* Frameworks */,
				FAF450392B5D57C600B71EDE /* Resources */,
			);
			buildRules = (
			);
			dependencies = (
				FAF4503D2B5D57C600B71EDE /* PBXTargetDependency */,
			);
			name = FoodMarketTests;
			productName = FoodMarketTests;
			productReference = FAF4503B2B5D57C600B71EDE /* FoodMarketTests.xctest */;
			productType = "com.apple.product-type.bundle.unit-test";
		};
		FAF450442B5D57C600B71EDE /* FoodMarketUITests */ = {
			isa = PBXNativeTarget;
			buildConfigurationList = FAF450552B5D57C600B71EDE /* Build configuration list for PBXNativeTarget "FoodMarketUITests" */;
			buildPhases = (
				FAF450412B5D57C600B71EDE /* Sources */,
				FAF450422B5D57C600B71EDE /* Frameworks */,
				FAF450432B5D57C600B71EDE /* Resources */,
			);
			buildRules = (
			);
			dependencies = (
				FAF450472B5D57C600B71EDE /* PBXTargetDependency */,
			);
			name = FoodMarketUITests;
			productName = FoodMarketUITests;
			productReference = FAF450452B5D57C600B71EDE /* FoodMarketUITests.xctest */;
			productType = "com.apple.product-type.bundle.ui-testing";
		};
/* End PBXNativeTarget section */

/* Begin PBXProject section */
		FAF4501E2B5D57C500B71EDE /* Project object */ = {
			isa = PBXProject;
			attributes = {
				BuildIndependentTargetsInParallel = 1;
				LastSwiftUpdateCheck = 1520;
				LastUpgradeCheck = 1520;
				TargetAttributes = {
					FAF450252B5D57C500B71EDE = {
						CreatedOnToolsVersion = 15.2;
					};
					FAF4503A2B5D57C600B71EDE = {
						CreatedOnToolsVersion = 15.2;
						TestTargetID = FAF450252B5D57C500B71EDE;
					};
					FAF450442B5D57C600B71EDE = {
						CreatedOnToolsVersion = 15.2;
						TestTargetID = FAF450252B5D57C500B71EDE;
					};
				};
			};
			buildConfigurationList = FAF450212B5D57C500B71EDE /* Build configuration list for PBXProject "FoodMarket" */;
			compatibilityVersion = "Xcode 14.0";
			developmentRegion = en;
			hasScannedForEncodings = 0;
			knownRegions = (
				en,
				Base,
			);
			mainGroup = FAF4501D2B5D57C500B71EDE;
			productRefGroup = FAF450272B5D57C500B71EDE /* Products */;
			projectDirPath = "";
			projectRoot = "";
			targets = (
				FAF450252B5D57C500B71EDE /* FoodMarket */,
				FAF4503A2B5D57C600B71EDE /* FoodMarketTests */,
				FAF450442B5D57C600B71EDE /* FoodMarketUITests */,
			);
		};
/* End PBXProject section */

/* Begin PBXResourcesBuildPhase section */
		FAF450242B5D57C500B71EDE /* Resources */ = {
			isa = PBXResourcesBuildPhase;
			buildActionMask = 2147483647;
			files = (
				FAF450312B5D57C600B71EDE /* Preview Assets.xcassets in Resources */,
				FAF4502E2B5D57C600B71EDE /* Assets.xcassets in Resources */,
			);
			runOnlyForDeploymentPostprocessing = 0;
		};
		FAF450392B5D57C600B71EDE /* Resources */ = {
			isa = PBXResourcesBuildPhase;
			buildActionMask = 2147483647;
			files = (
			);
			runOnlyForDeploymentPostprocessing = 0;
		};
		FAF450432B5D57C600B71EDE /* Resources */ = {
			isa = PBXResourcesBuildPhase;
			buildActionMask = 2147483647;
			files = (
			);
			runOnlyForDeploymentPostprocessing = 0;
		};
/* End PBXResourcesBuildPhase section */

/* Begin PBXSourcesBuildPhase section */
		FAF450222B5D57C500B71EDE /* Sources */ = {
			isa = PBXSourcesBuildPhase;
			buildActionMask = 2147483647;
			files = (
				FA88C6D62B5E430A00D096E3 /* CartItemModel.swift in Sources */,
				FAF450332B5D57C600B71EDE /* Persistence.swift in Sources */,
				FA88C6D42B5E42E500D096E3 /* CartView.swift in Sources */,
				FA88C6CF2B5E3D1F00D096E3 /* StoresView.swift in Sources */,
				FAF4502C2B5D57C500B71EDE /* ContentView.swift in Sources */,
				FAF4502A2B5D57C500B71EDE /* FoodMarketApp.swift in Sources */,
				FAF450362B5D57C600B71EDE /* FoodMarket.xcdatamodeld in Sources */,
				FA88C6D22B5E3DAC00D096E3 /* StoreModel.swift in Sources */,
			);
			runOnlyForDeploymentPostprocessing = 0;
		};
		FAF450372B5D57C600B71EDE /* Sources */ = {
			isa = PBXSourcesBuildPhase;
			buildActionMask = 2147483647;
			files = (
				FAF450402B5D57C600B71EDE /* FoodMarketTests.swift in Sources */,
			);
			runOnlyForDeploymentPostprocessing = 0;
		};
		FAF450412B5D57C600B71EDE /* Sources */ = {
			isa = PBXSourcesBuildPhase;
			buildActionMask = 2147483647;
			files = (
				FAF4504C2B5D57C600B71EDE /* FoodMarketUITestsLaunchTests.swift in Sources */,
				FAF4504A2B5D57C600B71EDE /* FoodMarketUITests.swift in Sources */,
			);
			runOnlyForDeploymentPostprocessing = 0;
		};
/* End PBXSourcesBuildPhase section */

/* Begin PBXTargetDependency section */
		FAF4503D2B5D57C600B71EDE /* PBXTargetDependency */ = {
			isa = PBXTargetDependency;
			target = FAF450252B5D57C500B71EDE /* FoodMarket */;
			targetProxy = FAF4503C2B5D57C600B71EDE /* PBXContainerItemProxy */;
		};
		FAF450472B5D57C600B71EDE /* PBXTargetDependency */ = {
			isa = PBXTargetDependency;
			target = FAF450252B5D57C500B71EDE /* FoodMarket */;
			targetProxy = FAF450462B5D57C600B71EDE /* PBXContainerItemProxy */;
		};
/* End PBXTargetDependency section */

/* Begin XCBuildConfiguration section */
		FAF4504D2B5D57C600B71EDE /* Debug */ = {
			isa = XCBuildConfiguration;
			buildSettings = {
				ALWAYS_SEARCH_USER_PATHS = NO;
				ASSETCATALOG_COMPILER_GENERATE_SWIFT_ASSET_SYMBOL_EXTENSIONS = YES;
				CLANG_ANALYZER_NONNULL = YES;
				CLANG_ANALYZER_NUMBER_OBJECT_CONVERSION = YES_AGGRESSIVE;
				CLANG_CXX_LANGUAGE_STANDARD = "gnu++20";
				CLANG_ENABLE_MODULES = YES;
				CLANG_ENABLE_OBJC_ARC = YES;
				CLANG_ENABLE_OBJC_WEAK = YES;
				CLANG_WARN_BLOCK_CAPTURE_AUTORELEASING = YES;
				CLANG_WARN_BOOL_CONVERSION = YES;
				CLANG_WARN_COMMA = YES;
				CLANG_WARN_CONSTANT_CONVERSION = YES;
				CLANG_WARN_DEPRECATED_OBJC_IMPLEMENTATIONS = YES;
				CLANG_WARN_DIRECT_OBJC_ISA_USAGE = YES_ERROR;
				CLANG_WARN_DOCUMENTATION_COMMENTS = YES;
				CLANG_WARN_EMPTY_BODY = YES;
				CLANG_WARN_ENUM_CONVERSION = YES;
				CLANG_WARN_INFINITE_RECURSION = YES;
				CLANG_WARN_INT_CONVERSION = YES;
				CLANG_WARN_NON_LITERAL_NULL_CONVERSION = YES;
				CLANG_WARN_OBJC_IMPLICIT_RETAIN_SELF = YES;
				CLANG_WARN_OBJC_LITERAL_CONVERSION = YES;
				CLANG_WARN_OBJC_ROOT_CLASS = YES_ERROR;
				CLANG_WARN_QUOTED_INCLUDE_IN_FRAMEWORK_HEADER = YES;
				CLANG_WARN_RANGE_LOOP_ANALYSIS = YES;
				CLANG_WARN_STRICT_PROTOTYPES = YES;
				CLANG_WARN_SUSPICIOUS_MOVE = YES;
				CLANG_WARN_UNGUARDED_AVAILABILITY = YES_AGGRESSIVE;
				CLANG_WARN_UNREACHABLE_CODE = YES;
				CLANG_WARN__DUPLICATE_METHOD_MATCH = YES;
				COPY_PHASE_STRIP = NO;
				DEBUG_INFORMATION_FORMAT = dwarf;
				ENABLE_STRICT_OBJC_MSGSEND = YES;
				ENABLE_TESTABILITY = YES;
				ENABLE_USER_SCRIPT_SANDBOXING = YES;
				GCC_C_LANGUAGE_STANDARD = gnu17;
				GCC_DYNAMIC_NO_PIC = NO;
				GCC_NO_COMMON_BLOCKS = YES;
				GCC_OPTIMIZATION_LEVEL = 0;
				GCC_PREPROCESSOR_DEFINITIONS = (
					"DEBUG=1",
					"$(inherited)",
				);
				GCC_WARN_64_TO_32_BIT_CONVERSION = YES;
				GCC_WARN_ABOUT_RETURN_TYPE = YES_ERROR;
				GCC_WARN_UNDECLARED_SELECTOR = YES;
				GCC_WARN_UNINITIALIZED_AUTOS = YES_AGGRESSIVE;
				GCC_WARN_UNUSED_FUNCTION = YES;
				GCC_WARN_UNUSED_VARIABLE = YES;
				IPHONEOS_DEPLOYMENT_TARGET = 17.2;
				LOCALIZATION_PREFERS_STRING_CATALOGS = YES;
				MTL_ENABLE_DEBUG_INFO = INCLUDE_SOURCE;
				MTL_FAST_MATH = YES;
				ONLY_ACTIVE_ARCH = YES;
				SDKROOT = iphoneos;
				SWIFT_ACTIVE_COMPILATION_CONDITIONS = "DEBUG $(inherited)";
				SWIFT_OPTIMIZATION_LEVEL = "-Onone";
			};
			name = Debug;
		};
		FAF4504E2B5D57C600B71EDE /* Release */ = {
			isa = XCBuildConfiguration;
			buildSettings = {
				ALWAYS_SEARCH_USER_PATHS = NO;
				ASSETCATALOG_COMPILER_GENERATE_SWIFT_ASSET_SYMBOL_EXTENSIONS = YES;
				CLANG_ANALYZER_NONNULL = YES;
				CLANG_ANALYZER_NUMBER_OBJECT_CONVERSION = YES_AGGRESSIVE;
				CLANG_CXX_LANGUAGE_STANDARD = "gnu++20";
				CLANG_ENABLE_MODULES = YES;
				CLANG_ENABLE_OBJC_ARC = YES;
				CLANG_ENABLE_OBJC_WEAK = YES;
				CLANG_WARN_BLOCK_CAPTURE_AUTORELEASING = YES;
				CLANG_WARN_BOOL_CONVERSION = YES;
				CLANG_WARN_COMMA = YES;
				CLANG_WARN_CONSTANT_CONVERSION = YES;
				CLANG_WARN_DEPRECATED_OBJC_IMPLEMENTATIONS = YES;
				CLANG_WARN_DIRECT_OBJC_ISA_USAGE = YES_ERROR;
				CLANG_WARN_DOCUMENTATION_COMMENTS = YES;
				CLANG_WARN_EMPTY_BODY = YES;
				CLANG_WARN_ENUM_CONVERSION = YES;
				CLANG_WARN_INFINITE_RECURSION = YES;
				CLANG_WARN_INT_CONVERSION = YES;
				CLANG_WARN_NON_LITERAL_NULL_CONVERSION = YES;
				CLANG_WARN_OBJC_IMPLICIT_RETAIN_SELF = YES;
				CLANG_WARN_OBJC_LITERAL_CONVERSION = YES;
				CLANG_WARN_OBJC_ROOT_CLASS = YES_ERROR;
				CLANG_WARN_QUOTED_INCLUDE_IN_FRAMEWORK_HEADER = YES;
				CLANG_WARN_RANGE_LOOP_ANALYSIS = YES;
				CLANG_WARN_STRICT_PROTOTYPES = YES;
				CLANG_WARN_SUSPICIOUS_MOVE = YES;
				CLANG_WARN_UNGUARDED_AVAILABILITY = YES_AGGRESSIVE;
				CLANG_WARN_UNREACHABLE_CODE = YES;
				CLANG_WARN__DUPLICATE_METHOD_MATCH = YES;
				COPY_PHASE_STRIP = NO;
				DEBUG_INFORMATION_FORMAT = "dwarf-with-dsym";
				ENABLE_NS_ASSERTIONS = NO;
				ENABLE_STRICT_OBJC_MSGSEND = YES;
				ENABLE_USER_SCRIPT_SANDBOXING = YES;
				GCC_C_LANGUAGE_STANDARD = gnu17;
				GCC_NO_COMMON_BLOCKS = YES;
				GCC_WARN_64_TO_32_BIT_CONVERSION = YES;
				GCC_WARN_ABOUT_RETURN_TYPE = YES_ERROR;
				GCC_WARN_UNDECLARED_SELECTOR = YES;
				GCC_WARN_UNINITIALIZED_AUTOS = YES_AGGRESSIVE;
				GCC_WARN_UNUSED_FUNCTION = YES;
				GCC_WARN_UNUSED_VARIABLE = YES;
				IPHONEOS_DEPLOYMENT_TARGET = 17.2;
				LOCALIZATION_PREFERS_STRING_CATALOGS = YES;
				MTL_ENABLE_DEBUG_INFO = NO;
				MTL_FAST_MATH = YES;
				SDKROOT = iphoneos;
				SWIFT_COMPILATION_MODE = wholemodule;
				VALIDATE_PRODUCT = YES;
			};
			name = Release;
		};
		FAF450502B5D57C600B71EDE /* Debug */ = {
			isa = XCBuildConfiguration;
			buildSettings = {
				ASSETCATALOG_COMPILER_APPICON_NAME = AppIcon;
				ASSETCATALOG_COMPILER_GLOBAL_ACCENT_COLOR_NAME = AccentColor;
				CODE_SIGN_STYLE = Automatic;
				CURRENT_PROJECT_VERSION = 1;
				DEVELOPMENT_ASSET_PATHS = "\"FoodMarket/Preview Content\"";
				DEVELOPMENT_TEAM = YG4U6S73S9;
				ENABLE_PREVIEWS = YES;
				GENERATE_INFOPLIST_FILE = YES;
				INFOPLIST_KEY_UIApplicationSceneManifest_Generation = YES;
				INFOPLIST_KEY_UIApplicationSupportsIndirectInputEvents = YES;
				INFOPLIST_KEY_UILaunchScreen_Generation = YES;
				INFOPLIST_KEY_UISupportedInterfaceOrientations_iPad = "UIInterfaceOrientationPortrait UIInterfaceOrientationPortraitUpsideDown UIInterfaceOrientationLandscapeLeft UIInterfaceOrientationLandscapeRight";
				INFOPLIST_KEY_UISupportedInterfaceOrientations_iPhone = "UIInterfaceOrientationPortrait UIInterfaceOrientationLandscapeLeft UIInterfaceOrientationLandscapeRight";
				LD_RUNPATH_SEARCH_PATHS = (
					"$(inherited)",
					"@executable_path/Frameworks",
				);
				MARKETING_VERSION = 1.0;
				PRODUCT_BUNDLE_IDENTIFIER = com.foodmarket.app.FoodMarket;
				PRODUCT_NAME = "$(TARGET_NAME)";
				SWIFT_EMIT_LOC_STRINGS = YES;
				SWIFT_VERSION = 5.0;
				TARGETED_DEVICE_FAMILY = "1,2";
			};
			name = Debug;
		};
		FAF450512B5D57C600B71EDE /* Release */ = {
			isa = XCBuildConfiguration;
			buildSettings = {
				ASSETCATALOG_COMPILER_APPICON_NAME = AppIcon;
				ASSETCATALOG_COMPILER_GLOBAL_ACCENT_COLOR_NAME = AccentColor;
				CODE_SIGN_STYLE = Automatic;
				CURRENT_PROJECT_VERSION = 1;
				DEVELOPMENT_ASSET_PATHS = "\"FoodMarket/Preview Content\"";
				DEVELOPMENT_TEAM = YG4U6S73S9;
				ENABLE_PREVIEWS = YES;
				GENERATE_INFOPLIST_FILE = YES;
				INFOPLIST_KEY_UIApplicationSceneManifest_Generation = YES;
				INFOPLIST_KEY_UIApplicationSupportsIndirectInputEvents = YES;
				INFOPLIST_KEY_UILaunchScreen_Generation = YES;
				INFOPLIST_KEY_UISupportedInterfaceOrientations_iPad = "UIInterfaceOrientationPortrait UIInterfaceOrientationPortraitUpsideDown UIInterfaceOrientationLandscapeLeft UIInterfaceOrientationLandscapeRight";
				INFOPLIST_KEY_UISupportedInterfaceOrientations_iPhone = "UIInterfaceOrientationPortrait UIInterfaceOrientationLandscapeLeft UIInterfaceOrientationLandscapeRight";
				LD_RUNPATH_SEARCH_PATHS = (
					"$(inherited)",
					"@executable_path/Frameworks",
				);
				MARKETING_VERSION = 1.0;
				PRODUCT_BUNDLE_IDENTIFIER = com.foodmarket.app.FoodMarket;
				PRODUCT_NAME = "$(TARGET_NAME)";
				SWIFT_EMIT_LOC_STRINGS = YES;
				SWIFT_VERSION = 5.0;
				TARGETED_DEVICE_FAMILY = "1,2";
			};
			name = Release;
		};
		FAF450532B5D57C600B71EDE /* Debug */ = {
			isa = XCBuildConfiguration;
			buildSettings = {
				ALWAYS_EMBED_SWIFT_STANDARD_LIBRARIES = YES;
				BUNDLE_LOADER = "$(TEST_HOST)";
				CODE_SIGN_STYLE = Automatic;
				CURRENT_PROJECT_VERSION = 1;
				DEVELOPMENT_TEAM = YG4U6S73S9;
				GENERATE_INFOPLIST_FILE = YES;
				IPHONEOS_DEPLOYMENT_TARGET = 17.2;
				MARKETING_VERSION = 1.0;
				PRODUCT_BUNDLE_IDENTIFIER = com.foodmarket.app.FoodMarketTests;
				PRODUCT_NAME = "$(TARGET_NAME)";
				SWIFT_EMIT_LOC_STRINGS = NO;
				SWIFT_VERSION = 5.0;
				TARGETED_DEVICE_FAMILY = "1,2";
				TEST_HOST = "$(BUILT_PRODUCTS_DIR)/FoodMarket.app/$(BUNDLE_EXECUTABLE_FOLDER_PATH)/FoodMarket";
			};
			name = Debug;
		};
		FAF450542B5D57C600B71EDE /* Release */ = {
			isa = XCBuildConfiguration;
			buildSettings = {
				ALWAYS_EMBED_SWIFT_STANDARD_LIBRARIES = YES;
				BUNDLE_LOADER = "$(TEST_HOST)";
				CODE_SIGN_STYLE = Automatic;
				CURRENT_PROJECT_VERSION = 1;
				DEVELOPMENT_TEAM = YG4U6S73S9;
				GENERATE_INFOPLIST_FILE = YES;
				IPHONEOS_DEPLOYMENT_TARGET = 17.2;
				MARKETING_VERSION = 1.0;
				PRODUCT_BUNDLE_IDENTIFIER = com.foodmarket.app.FoodMarketTests;
				PRODUCT_NAME = "$(TARGET_NAME)";
				SWIFT_EMIT_LOC_STRINGS = NO;
				SWIFT_VERSION = 5.0;
				TARGETED_DEVICE_FAMILY = "1,2";
				TEST_HOST = "$(BUILT_PRODUCTS_DIR)/FoodMarket.app/$(BUNDLE_EXECUTABLE_FOLDER_PATH)/FoodMarket";
			};
			name = Release;
		};
		FAF450562B5D57C600B71EDE /* Debug */ = {
			isa = XCBuildConfiguration;
			buildSettings = {
				ALWAYS_EMBED_SWIFT_STANDARD_LIBRARIES = YES;
				CODE_SIGN_STYLE = Automatic;
				CURRENT_PROJECT_VERSION = 1;
				DEVELOPMENT_TEAM = YG4U6S73S9;
				GENERATE_INFOPLIST_FILE = YES;
				MARKETING_VERSION = 1.0;
				PRODUCT_BUNDLE_IDENTIFIER = com.foodmarket.app.FoodMarketUITests;
				PRODUCT_NAME = "$(TARGET_NAME)";
				SWIFT_EMIT_LOC_STRINGS = NO;
				SWIFT_VERSION = 5.0;
				TARGETED_DEVICE_FAMILY = "1,2";
				TEST_TARGET_NAME = FoodMarket;
			};
			name = Debug;
		};
		FAF450572B5D57C600B71EDE /* Release */ = {
			isa = XCBuildConfiguration;
			buildSettings = {
				ALWAYS_EMBED_SWIFT_STANDARD_LIBRARIES = YES;
				CODE_SIGN_STYLE = Automatic;
				CURRENT_PROJECT_VERSION = 1;
				DEVELOPMENT_TEAM = YG4U6S73S9;
				GENERATE_INFOPLIST_FILE = YES;
				MARKETING_VERSION = 1.0;
				PRODUCT_BUNDLE_IDENTIFIER = com.foodmarket.app.FoodMarketUITests;
				PRODUCT_NAME = "$(TARGET_NAME)";
				SWIFT_EMIT_LOC_STRINGS = NO;
				SWIFT_VERSION = 5.0;
				TARGETED_DEVICE_FAMILY = "1,2";
				TEST_TARGET_NAME = FoodMarket;
			};
			name = Release;
		};
/* End XCBuildConfiguration section */

/* Begin XCConfigurationList section */
		FAF450212B5D57C500B71EDE /* Build configuration list for PBXProject "FoodMarket" */ = {
			isa = XCConfigurationList;
			buildConfigurations = (
				FAF4504D2B5D57C600B71EDE /* Debug */,
				FAF4504E2B5D57C600B71EDE /* Release */,
			);
			defaultConfigurationIsVisible = 0;
			defaultConfigurationName = Release;
		};
		FAF4504F2B5D57C600B71EDE /* Build configuration list for PBXNativeTarget "FoodMarket" */ = {
			isa = XCConfigurationList;
			buildConfigurations = (
				FAF450502B5D57C600B71EDE /* Debug */,
				FAF450512B5D57C600B71EDE /* Release */,
			);
			defaultConfigurationIsVisible = 0;
			defaultConfigurationName = Release;
		};
		FAF450522B5D57C600B71EDE /* Build configuration list for PBXNativeTarget "FoodMarketTests" */ = {
			isa = XCConfigurationList;
			buildConfigurations = (
				FAF450532B5D57C600B71EDE /* Debug */,
				FAF450542B5D57C600B71EDE /* Release */,
			);
			defaultConfigurationIsVisible = 0;
			defaultConfigurationName = Release;
		};
		FAF450552B5D57C600B71EDE /* Build configuration list for PBXNativeTarget "FoodMarketUITests" */ = {
			isa = XCConfigurationList;
			buildConfigurations = (
				FAF450562B5D57C600B71EDE /* Debug */,
				FAF450572B5D57C600B71EDE /* Release */,
			);
			defaultConfigurationIsVisible = 0;
			defaultConfigurationName = Release;
		};
/* End XCConfigurationList section */

/* Begin XCVersionGroup section */
		FAF450342B5D57C600B71EDE /* FoodMarket.xcdatamodeld */ = {
			isa = XCVersionGroup;
			children = (
				FAF450352B5D57C600B71EDE /* FoodMarket.xcdatamodel */,
			);
			currentVersion = FAF450352B5D57C600B71EDE /* FoodMarket.xcdatamodel */;
			path = FoodMarket.xcdatamodeld;
			sourceTree = "<group>";
			versionGroupType = wrapper.xcdatamodel;
		};
/* End XCVersionGroup section */
	};
	rootObject = FAF4501E2B5D57C500B71EDE /* Project object */;
}
